
Microsoft Visual Studio Solution File, Format Version 10.00
# Visual Studio 2008
Project("{FAE04EC0-301F-11D3-BF4B-00C04F79EFBC}") = "WesleyNS.General.Utils", "WesleyNS.General.Utils\WesleyNS.General.Utils.csproj", "{B4498729-DB0A-45AD-9D08-DBB9E4957EDC}"
EndProject
Project("{FAE04EC0-301F-11D3-BF4B-00C04F79EFBC}") = "FUA", "FUA\FUA.csproj", "{BE2E39E8-DBC2-4933-9376-96D393C86588}"
EndProject
Project("{FAE04EC0-301F-11D3-BF4B-00C04F79EFBC}") = "Ploosqva", "Ploosqva\Ploosqva.csproj", "{FEBC1D3D-41FC-46D0-91A8-225BA3B0DD51}"
EndProject
Project("{FAE04EC0-301F-11D3-BF4B-00C04F79EFBC}") = "Ploosqva.WebAppFrame", "Ploosqva.WebAppFrame\Ploosqva.WebAppFrame.csproj", "{320C4E32-039B-4CDB-9A35-E5D42FE7BD8C}"
EndProject
Project("{FAE04EC0-301F-11D3-BF4B-00C04F79EFBC}") = "Ploosqva.UnitTests", "Ploosqva.UnitTests\Ploosqva.UnitTests.csproj", "{4B7335BF-25FC-423E-8F5A-B035DC3DC899}"
EndProject
Project("{FAE04EC0-301F-11D3-BF4B-00C04F79EFBC}") = "Ploosqva.Db4oAppFrame", "Ploosqva.Db4oAppFrame\Ploosqva.Db4oAppFrame.csproj", "{BA581416-47DD-4B50-BDC4-D21BF1CAD0F2}"
EndProject
Project("{FAE04EC0-301F-11D3-BF4B-00C04F79EFBC}") = "Ploosqva.MobileAppFrame", "Ploosqva.MobileAppFrame\Ploosqva.MobileAppFrame.csproj", "{58CA93CE-5427-44C7-B2A0-8ECE38177CB1}"
EndProject
Project("{FAE04EC0-301F-11D3-BF4B-00C04F79EFBC}") = "Ploosqva.Pocket", "Ploosqva.Pocket\Ploosqva.Pocket.csproj", "{7F3B84A5-C20A-4EE6-BD82-9C9865A1BBEC}"
EndProject
Project("{FAE04EC0-301F-11D3-BF4B-00C04F79EFBC}") = "Ploosqva.ProjectBase", "Ploosqva.ProjectBase\Ploosqva.ProjectBase.csproj", "{29362301-FE5F-4F51-B685-AD566CE66E77}"
EndProject
Project("{FAE04EC0-301F-11D3-BF4B-00C04F79EFBC}") = "Ploosqva.GaiaUtils", "Ploosqva.GaiaUtils\Ploosqva.GaiaUtils.csproj", "{98DBE795-D641-40E2-8DC9-3E1606ECE7D0}"
EndProject
Project("{FAE04EC0-301F-11D3-BF4B-00C04F79EFBC}") = "Ploosqva.Db4oUtils", "Ploosqva.Db4oUtils\Ploosqva.Db4oUtils.csproj", "{F3639419-5CC7-4EB6-981C-83E19CFD76BA}"
EndProject
Project("{FAE04EC0-301F-11D3-BF4B-00C04F79EFBC}") = "Ploosqva.PdfViewer", "Ploosqva.PdfViewer\Ploosqva.PdfViewer.csproj", "{4BF4BDFD-A303-44B1-80E4-CD03772390A7}"
EndProject
Global
	GlobalSection(SolutionConfigurationPlatforms) = preSolution
		Debug|Any CPU = Debug|Any CPU
		Release|Any CPU = Release|Any CPU
	EndGlobalSection
	GlobalSection(ProjectConfigurationPlatforms) = postSolution
		{B4498729-DB0A-45AD-9D08-DBB9E4957EDC}.Debug|Any CPU.ActiveCfg = Debug|Any CPU
		{B4498729-DB0A-45AD-9D08-DBB9E4957EDC}.Debug|Any CPU.Build.0 = Debug|Any CPU
		{B4498729-DB0A-45AD-9D08-DBB9E4957EDC}.Release|Any CPU.ActiveCfg = Release|Any CPU
		{B4498729-DB0A-45AD-9D08-DBB9E4957EDC}.Release|Any CPU.Build.0 = Release|Any CPU
		{BE2E39E8-DBC2-4933-9376-96D393C86588}.Debug|Any CPU.ActiveCfg = Debug|Any CPU
		{BE2E39E8-DBC2-4933-9376-96D393C86588}.Debug|Any CPU.Build.0 = Debug|Any CPU
		{BE2E39E8-DBC2-4933-9376-96D393C86588}.Release|Any CPU.ActiveCfg = Release|Any CPU
		{BE2E39E8-DBC2-4933-9376-96D393C86588}.Release|Any CPU.Build.0 = Release|Any CPU
		{FEBC1D3D-41FC-46D0-91A8-225BA3B0DD51}.Debug|Any CPU.ActiveCfg = Debug|Any CPU
		{FEBC1D3D-41FC-46D0-91A8-225BA3B0DD51}.Debug|Any CPU.Build.0 = Debug|Any CPU
		{FEBC1D3D-41FC-46D0-91A8-225BA3B0DD51}.Release|Any CPU.ActiveCfg = Release|Any CPU
		{FEBC1D3D-41FC-46D0-91A8-225BA3B0DD51}.Release|Any CPU.Build.0 = Release|Any CPU
		{320C4E32-039B-4CDB-9A35-E5D42FE7BD8C}.Debug|Any CPU.ActiveCfg = Debug|Any CPU
		{320C4E32-039B-4CDB-9A35-E5D42FE7BD8C}.Debug|Any CPU.Build.0 = Debug|Any CPU
		{320C4E32-039B-4CDB-9A35-E5D42FE7BD8C}.Release|Any CPU.ActiveCfg = Release|Any CPU
		{320C4E32-039B-4CDB-9A35-E5D42FE7BD8C}.Release|Any CPU.Build.0 = Release|Any CPU
		{4B7335BF-25FC-423E-8F5A-B035DC3DC899}.Debug|Any CPU.ActiveCfg = Debug|Any CPU
		{4B7335BF-25FC-423E-8F5A-B035DC3DC899}.Debug|Any CPU.Build.0 = Debug|Any CPU
		{4B7335BF-25FC-423E-8F5A-B035DC3DC899}.Release|Any CPU.ActiveCfg = Release|Any CPU
		{4B7335BF-25FC-423E-8F5A-B035DC3DC899}.Release|Any CPU.Build.0 = Release|Any CPU
		{BA581416-47DD-4B50-BDC4-D21BF1CAD0F2}.Debug|Any CPU.ActiveCfg = Debug|Any CPU
		{BA581416-47DD-4B50-BDC4-D21BF1CAD0F2}.Debug|Any CPU.Build.0 = Debug|Any CPU
		{BA581416-47DD-4B50-BDC4-D21BF1CAD0F2}.Release|Any CPU.ActiveCfg = Release|Any CPU
		{BA581416-47DD-4B50-BDC4-D21BF1CAD0F2}.Release|Any CPU.Build.0 = Release|Any CPU
		{58CA93CE-5427-44C7-B2A0-8ECE38177CB1}.Debug|Any CPU.ActiveCfg = Debug|Any CPU
		{58CA93CE-5427-44C7-B2A0-8ECE38177CB1}.Debug|Any CPU.Build.0 = Debug|Any CPU
		{58CA93CE-5427-44C7-B2A0-8ECE38177CB1}.Release|Any CPU.ActiveCfg = Release|Any CPU
		{58CA93CE-5427-44C7-B2A0-8ECE38177CB1}.Release|Any CPU.Build.0 = Release|Any CPU
		{7F3B84A5-C20A-4EE6-BD82-9C9865A1BBEC}.Debug|Any CPU.ActiveCfg = Debug|Any CPU
		{7F3B84A5-C20A-4EE6-BD82-9C9865A1BBEC}.Debug|Any CPU.Build.0 = Debug|Any CPU
		{7F3B84A5-C20A-4EE6-BD82-9C9865A1BBEC}.Release|Any CPU.ActiveCfg = Release|Any CPU
		{7F3B84A5-C20A-4EE6-BD82-9C9865A1BBEC}.Release|Any CPU.Build.0 = Release|Any CPU
		{29362301-FE5F-4F51-B685-AD566CE66E77}.Debug|Any CPU.ActiveCfg = Debug|Any CPU
		{29362301-FE5F-4F51-B685-AD566CE66E77}.Debug|Any CPU.Build.0 = Debug|Any CPU
		{29362301-FE5F-4F51-B685-AD566CE66E77}.Release|Any CPU.ActiveCfg = Release|Any CPU
		{29362301-FE5F-4F51-B685-AD566CE66E77}.Release|Any CPU.Build.0 = Release|Any CPU
		{98DBE795-D641-40E2-8DC9-3E1606ECE7D0}.Debug|Any CPU.ActiveCfg = Debug|Any CPU
		{98DBE795-D641-40E2-8DC9-3E1606ECE7D0}.Debug|Any CPU.Build.0 = Debug|Any CPU
		{98DBE795-D641-40E2-8DC9-3E1606ECE7D0}.Release|Any CPU.ActiveCfg = Release|Any CPU
		{98DBE795-D641-40E2-8DC9-3E1606ECE7D0}.Release|Any CPU.Build.0 = Release|Any CPU
		{F3639419-5CC7-4EB6-981C-83E19CFD76BA}.Debug|Any CPU.ActiveCfg = Debug|Any CPU
		{F3639419-5CC7-4EB6-981C-83E19CFD76BA}.Debug|Any CPU.Build.0 = Debug|Any CPU
		{F3639419-5CC7-4EB6-981C-83E19CFD76BA}.Release|Any CPU.ActiveCfg = Release|Any CPU
		{F3639419-5CC7-4EB6-981C-83E19CFD76BA}.Release|Any CPU.Build.0 = Release|Any CPU
		{4BF4BDFD-A303-44B1-80E4-CD03772390A7}.Debug|Any CPU.ActiveCfg = Debug|Any CPU
		{4BF4BDFD-A303-44B1-80E4-CD03772390A7}.Debug|Any CPU.Build.0 = Debug|Any CPU
		{4BF4BDFD-A303-44B1-80E4-CD03772390A7}.Release|Any CPU.ActiveCfg = Release|Any CPU
		{4BF4BDFD-A303-44B1-80E4-CD03772390A7}.Release|Any CPU.Build.0 = Release|Any CPU
	EndGlobalSection
	GlobalSection(SolutionProperties) = preSolution
		HideSolutionNode = FALSE
	EndGlobalSection
EndGlobal
